
Microsoft Visual Studio Solution File, Format Version 12.00
# Visual Studio Version 17
VisualStudioVersion = 17.5.33414.496
MinimumVisualStudioVersion = 10.0.40219.1
Project("{FAE04EC0-301F-11D3-BF4B-00C04F79EFBC}") = "AlgorithmProblems", "AlgorithmProblems.csproj", "{55FCE1BF-5ADF-45B5-9C0D-2DB625B7C49D}"
EndProject
Global
	GlobalSection(SolutionConfigurationPlatforms) = preSolution
		Debug|Any CPU = Debug|Any CPU
		Release|Any CPU = Release|Any CPU
	EndGlobalSection
	GlobalSection(ProjectConfigurationPlatforms) = postSolution
		{55FCE1BF-5ADF-45B5-9C0D-2DB625B7C49D}.Debug|Any CPU.ActiveCfg = Debug|Any CPU
		{55FCE1BF-5ADF-45B5-9C0D-2DB625B7C49D}.Debug|Any CPU.Build.0 = Debug|Any CPU
		{55FCE1BF-5ADF-45B5-9C0D-2DB625B7C49D}.Release|Any CPU.ActiveCfg = Release|Any CPU
		{55FCE1BF-5ADF-45B5-9C0D-2DB625B7C49D}.Release|Any CPU.Build.0 = Release|Any CPU
	EndGlobalSection
	GlobalSection(SolutionProperties) = preSolution
		HideSolutionNode = FALSE
	EndGlobalSection
	GlobalSection(ExtensibilityGlobals) = postSolution
		SolutionGuid = {8CEABE1E-6197-4F36-9F38-8564868839F8}
	EndGlobalSection
EndGlobal
